// !$*UTF8*$!
{
	archiveVersion = 1;
	classes = {
	};
	objectVersion = 51;
	objects = {

/* Begin PBXBuildFile section */
		4446A36C242E775100F22D90 /* AppDelegate.swift in Sources */ = {isa = PBXBuildFile; fileRef = 4446A36B242E775100F22D90 /* AppDelegate.swift */; };
		4446A36E242E775100F22D90 /* SceneDelegate.swift in Sources */ = {isa = PBXBuildFile; fileRef = 4446A36D242E775100F22D90 /* SceneDelegate.swift */; };
		4446A375242E775400F22D90 /* Assets.xcassets in Resources */ = {isa = PBXBuildFile; fileRef = 4446A374242E775400F22D90 /* Assets.xcassets */; };
		4446A378242E775400F22D90 /* LaunchScreen.storyboard in Resources */ = {isa = PBXBuildFile; fileRef = 4446A376242E775400F22D90 /* LaunchScreen.storyboard */; };
		4446A38B242EBE5A00F22D90 /* TripSplitr.mov in Resources */ = {isa = PBXBuildFile; fileRef = 4446A38A242EBE5900F22D90 /* TripSplitr.mov */; };
		444772382444E6F100A1FF1A /* CollectionViewDetailExpneseCell.swift in Sources */ = {isa = PBXBuildFile; fileRef = 444772372444E6F100A1FF1A /* CollectionViewDetailExpneseCell.swift */; };
		4447723A2445326B00A1FF1A /* CollectionViewDetailUsedByCell.swift in Sources */ = {isa = PBXBuildFile; fileRef = 444772392445326B00A1FF1A /* CollectionViewDetailUsedByCell.swift */; };
		4447723C2446488D00A1FF1A /* EditExpenseViewController.swift in Sources */ = {isa = PBXBuildFile; fileRef = 4447723B2446488D00A1FF1A /* EditExpenseViewController.swift */; };
		444C6144243528960021D9F8 /* ImagePickerController.swift in Sources */ = {isa = PBXBuildFile; fileRef = 444C6143243528960021D9F8 /* ImagePickerController.swift */; };
		444C6148243667CE0021D9F8 /* AddExpenseViewController.swift in Sources */ = {isa = PBXBuildFile; fileRef = 444C6147243667CE0021D9F8 /* AddExpenseViewController.swift */; };
		444C614C24367B1E0021D9F8 /* SelectFriendsForExpenseVC.swift in Sources */ = {isa = PBXBuildFile; fileRef = 444C614B24367B1E0021D9F8 /* SelectFriendsForExpenseVC.swift */; };
		44697CD42433AA3600252764 /* AddFriendViewController.swift in Sources */ = {isa = PBXBuildFile; fileRef = 44697CD32433AA3600252764 /* AddFriendViewController.swift */; };
		44697CD62433AB4600252764 /* CCCBodyLabel.swift in Sources */ = {isa = PBXBuildFile; fileRef = 44697CD52433AB4600252764 /* CCCBodyLabel.swift */; };
		4484D330244FE21900D96D50 /* AddFriendCell.swift in Sources */ = {isa = PBXBuildFile; fileRef = 4484D32F244FE21900D96D50 /* AddFriendCell.swift */; };
		4484D3322450AD5300D96D50 /* AddFriendToTripViewController.swift in Sources */ = {isa = PBXBuildFile; fileRef = 4484D3312450AD5300D96D50 /* AddFriendToTripViewController.swift */; };
		44C579AD243D4393006FA3CC /* DetailExpenseTableViewCell.swift in Sources */ = {isa = PBXBuildFile; fileRef = 44C579AC243D4393006FA3CC /* DetailExpenseTableViewCell.swift */; };
		44C579AF243D4898006FA3CC /* ExpenseDetailViewController.swift in Sources */ = {isa = PBXBuildFile; fileRef = 44C579AE243D4898006FA3CC /* ExpenseDetailViewController.swift */; };
		44DABC83243FD3C100DA15FC /* TripUserAvatarCell.swift in Sources */ = {isa = PBXBuildFile; fileRef = 44DABC82243FD3C100DA15FC /* TripUserAvatarCell.swift */; };
		84A0506868C4B3290DB9BCF3 /* Pods_CCCTripSpiltr.framework in Frameworks */ = {isa = PBXBuildFile; fileRef = 755E612F52E7A5ED258D1027 /* Pods_CCCTripSpiltr.framework */; };
		D11847BC243656C600E6949B /* Expense.swift in Sources */ = {isa = PBXBuildFile; fileRef = D11847BB243656C600E6949B /* Expense.swift */; };
		D1254B592435131C00B9CB53 /* CreateTripViewController.swift in Sources */ = {isa = PBXBuildFile; fileRef = D1254B582435131C00B9CB53 /* CreateTripViewController.swift */; };
		D1254B5B2435197A00B9CB53 /* SelectFriendsCollectionViewController.swift in Sources */ = {isa = PBXBuildFile; fileRef = D1254B5A2435197A00B9CB53 /* SelectFriendsCollectionViewController.swift */; };
		D127F8362432695B000721F9 /* Home.storyboard in Resources */ = {isa = PBXBuildFile; fileRef = D127F8352432695B000721F9 /* Home.storyboard */; };
		D127F838243270A8000721F9 /* Authenticate.storyboard in Resources */ = {isa = PBXBuildFile; fileRef = D127F837243270A8000721F9 /* Authenticate.storyboard */; };
		D127F83A24327239000721F9 /* Friends.storyboard in Resources */ = {isa = PBXBuildFile; fileRef = D127F83924327239000721F9 /* Friends.storyboard */; };
		D167703B24354BDD00D041DE /* UIImage+Ext.swift in Sources */ = {isa = PBXBuildFile; fileRef = D167703A24354BDD00D041DE /* UIImage+Ext.swift */; };
		D167703D24355E9800D041DE /* TripDetailTableViewController.swift in Sources */ = {isa = PBXBuildFile; fileRef = D167703C24355E9800D041DE /* TripDetailTableViewController.swift */; };
		D196AA0F24341D1F00E5B156 /* TripCell.swift in Sources */ = {isa = PBXBuildFile; fileRef = D196AA0E24341D1F00E5B156 /* TripCell.swift */; };
		D1B83BB02432979300BC9BB6 /* FriendsCollectionViewController.swift in Sources */ = {isa = PBXBuildFile; fileRef = D1B83BAF2432979300BC9BB6 /* FriendsCollectionViewController.swift */; };
		D1BB610F242E84C700B90E29 /* GoogleService-Info.plist in Resources */ = {isa = PBXBuildFile; fileRef = D1BB610E242E84C700B90E29 /* GoogleService-Info.plist */; };
		D1BB6111242E855D00B90E29 /* Utilities.swift in Sources */ = {isa = PBXBuildFile; fileRef = D1BB6110242E855D00B90E29 /* Utilities.swift */; };
		D1BB6113242E856100B90E29 /* Constants.swift in Sources */ = {isa = PBXBuildFile; fileRef = D1BB6112242E856100B90E29 /* Constants.swift */; };
		D1BB6115242E857A00B90E29 /* SignUpViewController.swift in Sources */ = {isa = PBXBuildFile; fileRef = D1BB6114242E857A00B90E29 /* SignUpViewController.swift */; };
		D1BB6119242E858300B90E29 /* TripsTableViewController.swift in Sources */ = {isa = PBXBuildFile; fileRef = D1BB6116242E858200B90E29 /* TripsTableViewController.swift */; };
		D1BB611A242E858300B90E29 /* AuthenticationViewController.swift in Sources */ = {isa = PBXBuildFile; fileRef = D1BB6117242E858200B90E29 /* AuthenticationViewController.swift */; };
		D1BB611B242E858300B90E29 /* LoginViewController.swift in Sources */ = {isa = PBXBuildFile; fileRef = D1BB6118242E858300B90E29 /* LoginViewController.swift */; };
		D1D01CF7242EB45A00B606C1 /* Trip.swift in Sources */ = {isa = PBXBuildFile; fileRef = D1D01CF6242EB45A00B606C1 /* Trip.swift */; };
		D1D01CFF242EBD2000B606C1 /* Main.storyboard in Resources */ = {isa = PBXBuildFile; fileRef = D1D01CFE242EBD2000B606C1 /* Main.storyboard */; };
		D1D01D02242EC09400B606C1 /* NetworkController.swift in Sources */ = {isa = PBXBuildFile; fileRef = D1D01D01242EC09400B606C1 /* NetworkController.swift */; };
		D1D01D04242EC54700B606C1 /* User.swift in Sources */ = {isa = PBXBuildFile; fileRef = D1D01D03242EC54700B606C1 /* User.swift */; };
		D1D14D8B2437D5F70091092E /* ExpenseAvatarCell.swift in Sources */ = {isa = PBXBuildFile; fileRef = D1D14D8A2437D5F70091092E /* ExpenseAvatarCell.swift */; };
		D1D14D8D2437D82C0091092E /* UserInfoViewController.swift in Sources */ = {isa = PBXBuildFile; fileRef = D1D14D8C2437D82C0091092E /* UserInfoViewController.swift */; };
		D1E33DF52432A4890077D4C6 /* FriendCell.swift in Sources */ = {isa = PBXBuildFile; fileRef = D1E33DF42432A4890077D4C6 /* FriendCell.swift */; };
		D1E33DF82432A7090077D4C6 /* CCCAvatarImageView.swift in Sources */ = {isa = PBXBuildFile; fileRef = D1E33DF72432A7090077D4C6 /* CCCAvatarImageView.swift */; };
		D1E33DFA2432A8140077D4C6 /* CCCTitleLabel.swift in Sources */ = {isa = PBXBuildFile; fileRef = D1E33DF92432A8140077D4C6 /* CCCTitleLabel.swift */; };
		D1F5E6132432C4EF008F3E72 /* UIView+Ext.swift in Sources */ = {isa = PBXBuildFile; fileRef = D1F5E6122432C4EF008F3E72 /* UIView+Ext.swift */; };
		D1F5E6182433CDAC008F3E72 /* CCCTextView.swift in Sources */ = {isa = PBXBuildFile; fileRef = D1F5E6172433CDAC008F3E72 /* CCCTextView.swift */; };
/* End PBXBuildFile section */

/* Begin PBXFileReference section */
		211F170669F28666354D42AC /* Pods-CCCTripSpiltr.release.xcconfig */ = {isa = PBXFileReference; includeInIndex = 1; lastKnownFileType = text.xcconfig; name = "Pods-CCCTripSpiltr.release.xcconfig"; path = "Target Support Files/Pods-CCCTripSpiltr/Pods-CCCTripSpiltr.release.xcconfig"; sourceTree = "<group>"; };
		4446A368242E775100F22D90 /* CCCTripSpiltr.app */ = {isa = PBXFileReference; explicitFileType = wrapper.application; includeInIndex = 0; path = CCCTripSpiltr.app; sourceTree = BUILT_PRODUCTS_DIR; };
		4446A36B242E775100F22D90 /* AppDelegate.swift */ = {isa = PBXFileReference; lastKnownFileType = sourcecode.swift; path = AppDelegate.swift; sourceTree = "<group>"; };
		4446A36D242E775100F22D90 /* SceneDelegate.swift */ = {isa = PBXFileReference; lastKnownFileType = sourcecode.swift; path = SceneDelegate.swift; sourceTree = "<group>"; };
		4446A374242E775400F22D90 /* Assets.xcassets */ = {isa = PBXFileReference; lastKnownFileType = folder.assetcatalog; path = Assets.xcassets; sourceTree = "<group>"; };
		4446A377242E775400F22D90 /* Base */ = {isa = PBXFileReference; lastKnownFileType = file.storyboard; name = Base; path = Base.lproj/LaunchScreen.storyboard; sourceTree = "<group>"; };
		4446A379242E775400F22D90 /* Info.plist */ = {isa = PBXFileReference; lastKnownFileType = text.plist.xml; path = Info.plist; sourceTree = "<group>"; };
		4446A380242E77C300F22D90 /* CCCTripSpiltr */ = {isa = PBXFileReference; lastKnownFileType = folder; path = CCCTripSpiltr; sourceTree = "<group>"; };
		4446A38A242EBE5900F22D90 /* TripSplitr.mov */ = {isa = PBXFileReference; lastKnownFileType = video.quicktime; path = TripSplitr.mov; sourceTree = "<group>"; };
		444772372444E6F100A1FF1A /* CollectionViewDetailExpneseCell.swift */ = {isa = PBXFileReference; lastKnownFileType = sourcecode.swift; path = CollectionViewDetailExpneseCell.swift; sourceTree = "<group>"; };
		444772392445326B00A1FF1A /* CollectionViewDetailUsedByCell.swift */ = {isa = PBXFileReference; lastKnownFileType = sourcecode.swift; path = CollectionViewDetailUsedByCell.swift; sourceTree = "<group>"; };
		4447723B2446488D00A1FF1A /* EditExpenseViewController.swift */ = {isa = PBXFileReference; lastKnownFileType = sourcecode.swift; path = EditExpenseViewController.swift; sourceTree = "<group>"; };
		444C6143243528960021D9F8 /* ImagePickerController.swift */ = {isa = PBXFileReference; lastKnownFileType = sourcecode.swift; path = ImagePickerController.swift; sourceTree = "<group>"; };
		444C6147243667CE0021D9F8 /* AddExpenseViewController.swift */ = {isa = PBXFileReference; lastKnownFileType = sourcecode.swift; path = AddExpenseViewController.swift; sourceTree = "<group>"; };
		444C614B24367B1E0021D9F8 /* SelectFriendsForExpenseVC.swift */ = {isa = PBXFileReference; lastKnownFileType = sourcecode.swift; path = SelectFriendsForExpenseVC.swift; sourceTree = "<group>"; };
		44697CD32433AA3600252764 /* AddFriendViewController.swift */ = {isa = PBXFileReference; lastKnownFileType = sourcecode.swift; path = AddFriendViewController.swift; sourceTree = "<group>"; };
		44697CD52433AB4600252764 /* CCCBodyLabel.swift */ = {isa = PBXFileReference; lastKnownFileType = sourcecode.swift; path = CCCBodyLabel.swift; sourceTree = "<group>"; };
		4484D32F244FE21900D96D50 /* AddFriendCell.swift */ = {isa = PBXFileReference; lastKnownFileType = sourcecode.swift; path = AddFriendCell.swift; sourceTree = "<group>"; };
		4484D3312450AD5300D96D50 /* AddFriendToTripViewController.swift */ = {isa = PBXFileReference; lastKnownFileType = sourcecode.swift; path = AddFriendToTripViewController.swift; sourceTree = "<group>"; };
		44C579AC243D4393006FA3CC /* DetailExpenseTableViewCell.swift */ = {isa = PBXFileReference; lastKnownFileType = sourcecode.swift; path = DetailExpenseTableViewCell.swift; sourceTree = "<group>"; };
		44C579AE243D4898006FA3CC /* ExpenseDetailViewController.swift */ = {isa = PBXFileReference; lastKnownFileType = sourcecode.swift; path = ExpenseDetailViewController.swift; sourceTree = "<group>"; };
		44DABC82243FD3C100DA15FC /* TripUserAvatarCell.swift */ = {isa = PBXFileReference; lastKnownFileType = sourcecode.swift; path = TripUserAvatarCell.swift; sourceTree = "<group>"; };
		755E612F52E7A5ED258D1027 /* Pods_CCCTripSpiltr.framework */ = {isa = PBXFileReference; explicitFileType = wrapper.framework; includeInIndex = 0; path = Pods_CCCTripSpiltr.framework; sourceTree = BUILT_PRODUCTS_DIR; };
		77F57F70D23EE51C97C50C70 /* Pods-CCCTripSpiltr.debug.xcconfig */ = {isa = PBXFileReference; includeInIndex = 1; lastKnownFileType = text.xcconfig; name = "Pods-CCCTripSpiltr.debug.xcconfig"; path = "Target Support Files/Pods-CCCTripSpiltr/Pods-CCCTripSpiltr.debug.xcconfig"; sourceTree = "<group>"; };
		D11847BB243656C600E6949B /* Expense.swift */ = {isa = PBXFileReference; lastKnownFileType = sourcecode.swift; path = Expense.swift; sourceTree = "<group>"; };
		D1254B582435131C00B9CB53 /* CreateTripViewController.swift */ = {isa = PBXFileReference; lastKnownFileType = sourcecode.swift; path = CreateTripViewController.swift; sourceTree = "<group>"; };
		D1254B5A2435197A00B9CB53 /* SelectFriendsCollectionViewController.swift */ = {isa = PBXFileReference; lastKnownFileType = sourcecode.swift; path = SelectFriendsCollectionViewController.swift; sourceTree = "<group>"; };
		D127F8352432695B000721F9 /* Home.storyboard */ = {isa = PBXFileReference; lastKnownFileType = file.storyboard; path = Home.storyboard; sourceTree = "<group>"; };
		D127F837243270A8000721F9 /* Authenticate.storyboard */ = {isa = PBXFileReference; lastKnownFileType = file.storyboard; path = Authenticate.storyboard; sourceTree = "<group>"; };
		D127F83924327239000721F9 /* Friends.storyboard */ = {isa = PBXFileReference; lastKnownFileType = file.storyboard; path = Friends.storyboard; sourceTree = "<group>"; };
		D167703A24354BDD00D041DE /* UIImage+Ext.swift */ = {isa = PBXFileReference; lastKnownFileType = sourcecode.swift; path = "UIImage+Ext.swift"; sourceTree = "<group>"; };
		D167703C24355E9800D041DE /* TripDetailTableViewController.swift */ = {isa = PBXFileReference; lastKnownFileType = sourcecode.swift; path = TripDetailTableViewController.swift; sourceTree = "<group>"; };
		D196AA0E24341D1F00E5B156 /* TripCell.swift */ = {isa = PBXFileReference; lastKnownFileType = sourcecode.swift; path = TripCell.swift; sourceTree = "<group>"; };
		D1B83BAF2432979300BC9BB6 /* FriendsCollectionViewController.swift */ = {isa = PBXFileReference; lastKnownFileType = sourcecode.swift; path = FriendsCollectionViewController.swift; sourceTree = "<group>"; };
		D1BB610E242E84C700B90E29 /* GoogleService-Info.plist */ = {isa = PBXFileReference; fileEncoding = 4; lastKnownFileType = text.plist.xml; path = "GoogleService-Info.plist"; sourceTree = "<group>"; };
		D1BB6110242E855D00B90E29 /* Utilities.swift */ = {isa = PBXFileReference; fileEncoding = 4; lastKnownFileType = sourcecode.swift; path = Utilities.swift; sourceTree = "<group>"; };
		D1BB6112242E856100B90E29 /* Constants.swift */ = {isa = PBXFileReference; fileEncoding = 4; lastKnownFileType = sourcecode.swift; path = Constants.swift; sourceTree = "<group>"; };
		D1BB6114242E857A00B90E29 /* SignUpViewController.swift */ = {isa = PBXFileReference; fileEncoding = 4; lastKnownFileType = sourcecode.swift; path = SignUpViewController.swift; sourceTree = "<group>"; };
		D1BB6116242E858200B90E29 /* TripsTableViewController.swift */ = {isa = PBXFileReference; fileEncoding = 4; lastKnownFileType = sourcecode.swift; path = TripsTableViewController.swift; sourceTree = "<group>"; };
		D1BB6117242E858200B90E29 /* AuthenticationViewController.swift */ = {isa = PBXFileReference; fileEncoding = 4; lastKnownFileType = sourcecode.swift; path = AuthenticationViewController.swift; sourceTree = "<group>"; };
		D1BB6118242E858300B90E29 /* LoginViewController.swift */ = {isa = PBXFileReference; fileEncoding = 4; lastKnownFileType = sourcecode.swift; path = LoginViewController.swift; sourceTree = "<group>"; };
		D1D01CF6242EB45A00B606C1 /* Trip.swift */ = {isa = PBXFileReference; lastKnownFileType = sourcecode.swift; path = Trip.swift; sourceTree = "<group>"; };
		D1D01CFE242EBD2000B606C1 /* Main.storyboard */ = {isa = PBXFileReference; fileEncoding = 4; lastKnownFileType = file.storyboard; path = Main.storyboard; sourceTree = "<group>"; };
		D1D01D01242EC09400B606C1 /* NetworkController.swift */ = {isa = PBXFileReference; lastKnownFileType = sourcecode.swift; path = NetworkController.swift; sourceTree = "<group>"; };
		D1D01D03242EC54700B606C1 /* User.swift */ = {isa = PBXFileReference; lastKnownFileType = sourcecode.swift; path = User.swift; sourceTree = "<group>"; };
		D1D14D8A2437D5F70091092E /* ExpenseAvatarCell.swift */ = {isa = PBXFileReference; lastKnownFileType = sourcecode.swift; path = ExpenseAvatarCell.swift; sourceTree = "<group>"; };
		D1D14D8C2437D82C0091092E /* UserInfoViewController.swift */ = {isa = PBXFileReference; lastKnownFileType = sourcecode.swift; path = UserInfoViewController.swift; sourceTree = "<group>"; };
		D1E33DF42432A4890077D4C6 /* FriendCell.swift */ = {isa = PBXFileReference; lastKnownFileType = sourcecode.swift; path = FriendCell.swift; sourceTree = "<group>"; };
		D1E33DF72432A7090077D4C6 /* CCCAvatarImageView.swift */ = {isa = PBXFileReference; lastKnownFileType = sourcecode.swift; path = CCCAvatarImageView.swift; sourceTree = "<group>"; };
		D1E33DF92432A8140077D4C6 /* CCCTitleLabel.swift */ = {isa = PBXFileReference; lastKnownFileType = sourcecode.swift; path = CCCTitleLabel.swift; sourceTree = "<group>"; };
		D1F5E6122432C4EF008F3E72 /* UIView+Ext.swift */ = {isa = PBXFileReference; fileEncoding = 4; lastKnownFileType = sourcecode.swift; path = "UIView+Ext.swift"; sourceTree = "<group>"; };
		D1F5E6172433CDAC008F3E72 /* CCCTextView.swift */ = {isa = PBXFileReference; lastKnownFileType = sourcecode.swift; path = CCCTextView.swift; sourceTree = "<group>"; };
/* End PBXFileReference section */

/* Begin PBXFrameworksBuildPhase section */
		4446A365242E775100F22D90 /* Frameworks */ = {
			isa = PBXFrameworksBuildPhase;
			buildActionMask = 2147483647;
			files = (
				84A0506868C4B3290DB9BCF3 /* Pods_CCCTripSpiltr.framework in Frameworks */,
			);
			runOnlyForDeploymentPostprocessing = 0;
		};
/* End PBXFrameworksBuildPhase section */

/* Begin PBXGroup section */
		4446A35F242E775100F22D90 = {
			isa = PBXGroup;
			children = (
				4446A36A242E775100F22D90 /* CCCTripSpiltr */,
				4446A369242E775100F22D90 /* Products */,
				4446A37F242E77C300F22D90 /* Frameworks */,
				835A32BF941CAAFDB6B73A85 /* Pods */,
			);
			sourceTree = "<group>";
		};
		4446A369242E775100F22D90 /* Products */ = {
			isa = PBXGroup;
			children = (
				4446A368242E775100F22D90 /* CCCTripSpiltr.app */,
			);
			name = Products;
			sourceTree = "<group>";
		};
		4446A36A242E775100F22D90 /* CCCTripSpiltr */ = {
			isa = PBXGroup;
			children = (
				D1F5E6142432C4F9008F3E72 /* Extensions */,
				D1D01CFB242EBC6600B606C1 /* Media */,
				D1D01D00242EC07000B606C1 /* Controllers */,
				D1BB6110242E855D00B90E29 /* Utilities.swift */,
				D1BB6112242E856100B90E29 /* Constants.swift */,
				D1D01CF5242EB43F00B606C1 /* Models */,
				D1E33DF32432A4500077D4C6 /* Views */,
				D1D01CF4242E9D5900B606C1 /* ViewControllers */,
				D127F83B2432723F000721F9 /* Storyboards */,
				4446A376242E775400F22D90 /* LaunchScreen.storyboard */,
				4446A379242E775400F22D90 /* Info.plist */,
				D1BB610E242E84C700B90E29 /* GoogleService-Info.plist */,
				D134EF0924328E8A0000EDF0 /* Resources */,
			);
			path = CCCTripSpiltr;
			sourceTree = "<group>";
		};
		4446A37F242E77C300F22D90 /* Frameworks */ = {
			isa = PBXGroup;
			children = (
				4446A380242E77C300F22D90 /* CCCTripSpiltr */,
				755E612F52E7A5ED258D1027 /* Pods_CCCTripSpiltr.framework */,
			);
			name = Frameworks;
			sourceTree = "<group>";
		};
		444772362444E66900A1FF1A /* Cells */ = {
			isa = PBXGroup;
			children = (
				D1E33DF42432A4890077D4C6 /* FriendCell.swift */,
				4484D32F244FE21900D96D50 /* AddFriendCell.swift */,
				D196AA0E24341D1F00E5B156 /* TripCell.swift */,
				D1D14D8A2437D5F70091092E /* ExpenseAvatarCell.swift */,
				44C579AC243D4393006FA3CC /* DetailExpenseTableViewCell.swift */,
				44DABC82243FD3C100DA15FC /* TripUserAvatarCell.swift */,
				444772372444E6F100A1FF1A /* CollectionViewDetailExpneseCell.swift */,
				444772392445326B00A1FF1A /* CollectionViewDetailUsedByCell.swift */,
			);
			path = Cells;
			sourceTree = "<group>";
		};
		444C6149243675AE0021D9F8 /* AuthViewControllers */ = {
			isa = PBXGroup;
			children = (
				D1BB6118242E858300B90E29 /* LoginViewController.swift */,
				D1BB6117242E858200B90E29 /* AuthenticationViewController.swift */,
				D1BB6114242E857A00B90E29 /* SignUpViewController.swift */,
			);
			path = AuthViewControllers;
			sourceTree = "<group>";
		};
		444C614A2436760D0021D9F8 /* TableViewControllers */ = {
			isa = PBXGroup;
			children = (
				D1BB6116242E858200B90E29 /* TripsTableViewController.swift */,
				D167703C24355E9800D041DE /* TripDetailTableViewController.swift */,
				44C579AE243D4898006FA3CC /* ExpenseDetailViewController.swift */,
			);
			path = TableViewControllers;
			sourceTree = "<group>";
		};
		835A32BF941CAAFDB6B73A85 /* Pods */ = {
			isa = PBXGroup;
			children = (
				77F57F70D23EE51C97C50C70 /* Pods-CCCTripSpiltr.debug.xcconfig */,
				211F170669F28666354D42AC /* Pods-CCCTripSpiltr.release.xcconfig */,
			);
			path = Pods;
			sourceTree = "<group>";
		};
		D127F83B2432723F000721F9 /* Storyboards */ = {
			isa = PBXGroup;
			children = (
				D1D01CFE242EBD2000B606C1 /* Main.storyboard */,
				D127F837243270A8000721F9 /* Authenticate.storyboard */,
				D127F8352432695B000721F9 /* Home.storyboard */,
				D127F83924327239000721F9 /* Friends.storyboard */,
			);
			path = Storyboards;
			sourceTree = "<group>";
		};
		D134EF0924328E8A0000EDF0 /* Resources */ = {
			isa = PBXGroup;
			children = (
				4446A36B242E775100F22D90 /* AppDelegate.swift */,
				4446A36D242E775100F22D90 /* SceneDelegate.swift */,
				4446A374242E775400F22D90 /* Assets.xcassets */,
			);
			path = Resources;
			sourceTree = "<group>";
		};
		D167703E2435623400D041DE /* CollectionViews */ = {
			isa = PBXGroup;
			children = (
				D1254B5A2435197A00B9CB53 /* SelectFriendsCollectionViewController.swift */,
				444C614B24367B1E0021D9F8 /* SelectFriendsForExpenseVC.swift */,
				D1B83BAF2432979300BC9BB6 /* FriendsCollectionViewController.swift */,
			);
			path = CollectionViews;
			sourceTree = "<group>";
		};
		D1D01CF4242E9D5900B606C1 /* ViewControllers */ = {
			isa = PBXGroup;
			children = (
				D167703E2435623400D041DE /* CollectionViews */,
				444C6149243675AE0021D9F8 /* AuthViewControllers */,
				444C614A2436760D0021D9F8 /* TableViewControllers */,
				44697CD32433AA3600252764 /* AddFriendViewController.swift */,
				D1D14D8C2437D82C0091092E /* UserInfoViewController.swift */,
				D1254B582435131C00B9CB53 /* CreateTripViewController.swift */,
				444C6143243528960021D9F8 /* ImagePickerController.swift */,
				444C6147243667CE0021D9F8 /* AddExpenseViewController.swift */,
				4447723B2446488D00A1FF1A /* EditExpenseViewController.swift */,
				4484D3312450AD5300D96D50 /* AddFriendToTripViewController.swift */,
			);
			path = ViewControllers;
			sourceTree = "<group>";
		};
		D1D01CF5242EB43F00B606C1 /* Models */ = {
			isa = PBXGroup;
			children = (
				D1D01CF6242EB45A00B606C1 /* Trip.swift */,
				D1D01D03242EC54700B606C1 /* User.swift */,
				D11847BB243656C600E6949B /* Expense.swift */,
			);
			path = Models;
			sourceTree = "<group>";
		};
		D1D01CFB242EBC6600B606C1 /* Media */ = {
			isa = PBXGroup;
			children = (
				4446A38A242EBE5900F22D90 /* TripSplitr.mov */,
			);
			name = Media;
			path = CCCTripSpiltr/Media;
			sourceTree = SOURCE_ROOT;
		};
		D1D01D00242EC07000B606C1 /* Controllers */ = {
			isa = PBXGroup;
			children = (
				D1D01D01242EC09400B606C1 /* NetworkController.swift */,
			);
			path = Controllers;
			sourceTree = "<group>";
		};
		D1E33DF32432A4500077D4C6 /* Views */ = {
			isa = PBXGroup;
			children = (
				444772362444E66900A1FF1A /* Cells */,
				D1E33DF92432A8140077D4C6 /* CCCTitleLabel.swift */,
				D1E33DF72432A7090077D4C6 /* CCCAvatarImageView.swift */,
				44697CD52433AB4600252764 /* CCCBodyLabel.swift */,
				D1F5E6172433CDAC008F3E72 /* CCCTextView.swift */,
			);
			path = Views;
			sourceTree = "<group>";
		};
		D1F5E6142432C4F9008F3E72 /* Extensions */ = {
			isa = PBXGroup;
			children = (
				D1F5E6122432C4EF008F3E72 /* UIView+Ext.swift */,
				D167703A24354BDD00D041DE /* UIImage+Ext.swift */,
			);
			path = Extensions;
			sourceTree = "<group>";
		};
/* End PBXGroup section */

/* Begin PBXNativeTarget section */
		4446A367242E775100F22D90 /* CCCTripSpiltr */ = {
			isa = PBXNativeTarget;
			buildConfigurationList = 4446A37C242E775400F22D90 /* Build configuration list for PBXNativeTarget "CCCTripSpiltr" */;
			buildPhases = (
				711EDC1EBE388A185428FDB3 /* [CP] Check Pods Manifest.lock */,
				4446A364242E775100F22D90 /* Sources */,
				4446A365242E775100F22D90 /* Frameworks */,
				4446A366242E775100F22D90 /* Resources */,
				B8C4C80FD3FCA3689234F499 /* [CP] Embed Pods Frameworks */,
			);
			buildRules = (
			);
			dependencies = (
			);
			name = CCCTripSpiltr;
			productName = CCCTripSpiltr;
			productReference = 4446A368242E775100F22D90 /* CCCTripSpiltr.app */;
			productType = "com.apple.product-type.application";
		};
/* End PBXNativeTarget section */

/* Begin PBXProject section */
		4446A360242E775100F22D90 /* Project object */ = {
			isa = PBXProject;
			attributes = {
				LastSwiftUpdateCheck = 1130;
				LastUpgradeCheck = 1130;
				ORGANIZATIONNAME = "Ryan Murphy";
				TargetAttributes = {
					4446A367242E775100F22D90 = {
						CreatedOnToolsVersion = 11.3.1;
					};
				};
			};
			buildConfigurationList = 4446A363242E775100F22D90 /* Build configuration list for PBXProject "CCCTripSpiltr" */;
			compatibilityVersion = "Xcode 9.3";
			developmentRegion = en;
			hasScannedForEncodings = 0;
			knownRegions = (
				en,
				Base,
			);
			mainGroup = 4446A35F242E775100F22D90;
			productRefGroup = 4446A369242E775100F22D90 /* Products */;
			projectDirPath = "";
			projectRoot = "";
			targets = (
				4446A367242E775100F22D90 /* CCCTripSpiltr */,
			);
		};
/* End PBXProject section */

/* Begin PBXResourcesBuildPhase section */
		4446A366242E775100F22D90 /* Resources */ = {
			isa = PBXResourcesBuildPhase;
			buildActionMask = 2147483647;
			files = (
				D127F838243270A8000721F9 /* Authenticate.storyboard in Resources */,
				4446A38B242EBE5A00F22D90 /* TripSplitr.mov in Resources */,
				D1D01CFF242EBD2000B606C1 /* Main.storyboard in Resources */,
				4446A378242E775400F22D90 /* LaunchScreen.storyboard in Resources */,
				D127F83A24327239000721F9 /* Friends.storyboard in Resources */,
				D127F8362432695B000721F9 /* Home.storyboard in Resources */,
				D1BB610F242E84C700B90E29 /* GoogleService-Info.plist in Resources */,
				4446A375242E775400F22D90 /* Assets.xcassets in Resources */,
			);
			runOnlyForDeploymentPostprocessing = 0;
		};
/* End PBXResourcesBuildPhase section */

/* Begin PBXShellScriptBuildPhase section */
		711EDC1EBE388A185428FDB3 /* [CP] Check Pods Manifest.lock */ = {
			isa = PBXShellScriptBuildPhase;
			buildActionMask = 2147483647;
			files = (
			);
			inputFileListPaths = (
			);
			inputPaths = (
				"${PODS_PODFILE_DIR_PATH}/Podfile.lock",
				"${PODS_ROOT}/Manifest.lock",
			);
			name = "[CP] Check Pods Manifest.lock";
			outputFileListPaths = (
			);
			outputPaths = (
				"$(DERIVED_FILE_DIR)/Pods-CCCTripSpiltr-checkManifestLockResult.txt",
			);
			runOnlyForDeploymentPostprocessing = 0;
			shellPath = /bin/sh;
			shellScript = "diff \"${PODS_PODFILE_DIR_PATH}/Podfile.lock\" \"${PODS_ROOT}/Manifest.lock\" > /dev/null\nif [ $? != 0 ] ; then\n    # print error to STDERR\n    echo \"error: The sandbox is not in sync with the Podfile.lock. Run 'pod install' or update your CocoaPods installation.\" >&2\n    exit 1\nfi\n# This output is used by Xcode 'outputs' to avoid re-running this script phase.\necho \"SUCCESS\" > \"${SCRIPT_OUTPUT_FILE_0}\"\n";
			showEnvVarsInLog = 0;
		};
		B8C4C80FD3FCA3689234F499 /* [CP] Embed Pods Frameworks */ = {
			isa = PBXShellScriptBuildPhase;
			buildActionMask = 2147483647;
			files = (
			);
			inputFileListPaths = (
				"${PODS_ROOT}/Target Support Files/Pods-CCCTripSpiltr/Pods-CCCTripSpiltr-frameworks-${CONFIGURATION}-input-files.xcfilelist",
			);
			name = "[CP] Embed Pods Frameworks";
			outputFileListPaths = (
				"${PODS_ROOT}/Target Support Files/Pods-CCCTripSpiltr/Pods-CCCTripSpiltr-frameworks-${CONFIGURATION}-output-files.xcfilelist",
			);
			runOnlyForDeploymentPostprocessing = 0;
			shellPath = /bin/sh;
			shellScript = "\"${PODS_ROOT}/Target Support Files/Pods-CCCTripSpiltr/Pods-CCCTripSpiltr-frameworks.sh\"\n";
			showEnvVarsInLog = 0;
		};
/* End PBXShellScriptBuildPhase section */

/* Begin PBXSourcesBuildPhase section */
		4446A364242E775100F22D90 /* Sources */ = {
			isa = PBXSourcesBuildPhase;
			buildActionMask = 2147483647;
			files = (
				44697CD62433AB4600252764 /* CCCBodyLabel.swift in Sources */,
				4484D330244FE21900D96D50 /* AddFriendCell.swift in Sources */,
				D1F5E6132432C4EF008F3E72 /* UIView+Ext.swift in Sources */,
				D1D01D02242EC09400B606C1 /* NetworkController.swift in Sources */,
				D1BB6113242E856100B90E29 /* Constants.swift in Sources */,
				D1B83BB02432979300BC9BB6 /* FriendsCollectionViewController.swift in Sources */,
				444C6144243528960021D9F8 /* ImagePickerController.swift in Sources */,
				D1254B592435131C00B9CB53 /* CreateTripViewController.swift in Sources */,
				4446A36C242E775100F22D90 /* AppDelegate.swift in Sources */,
				D1BB6111242E855D00B90E29 /* Utilities.swift in Sources */,
				D167703B24354BDD00D041DE /* UIImage+Ext.swift in Sources */,
				D1254B5B2435197A00B9CB53 /* SelectFriendsCollectionViewController.swift in Sources */,
				D1D01CF7242EB45A00B606C1 /* Trip.swift in Sources */,
				444C6148243667CE0021D9F8 /* AddExpenseViewController.swift in Sources */,
				D1D14D8D2437D82C0091092E /* UserInfoViewController.swift in Sources */,
				44DABC83243FD3C100DA15FC /* TripUserAvatarCell.swift in Sources */,
				4446A36E242E775100F22D90 /* SceneDelegate.swift in Sources */,
				44C579AD243D4393006FA3CC /* DetailExpenseTableViewCell.swift in Sources */,
				D1E33DF82432A7090077D4C6 /* CCCAvatarImageView.swift in Sources */,
				444C614C24367B1E0021D9F8 /* SelectFriendsForExpenseVC.swift in Sources */,
				44C579AF243D4898006FA3CC /* ExpenseDetailViewController.swift in Sources */,
				D1F5E6182433CDAC008F3E72 /* CCCTextView.swift in Sources */,
				D1BB611B242E858300B90E29 /* LoginViewController.swift in Sources */,
				444772382444E6F100A1FF1A /* CollectionViewDetailExpneseCell.swift in Sources */,
				4484D3322450AD5300D96D50 /* AddFriendToTripViewController.swift in Sources */,
				D1BB611A242E858300B90E29 /* AuthenticationViewController.swift in Sources */,
				D196AA0F24341D1F00E5B156 /* TripCell.swift in Sources */,
				D1E33DFA2432A8140077D4C6 /* CCCTitleLabel.swift in Sources */,
				D1BB6115242E857A00B90E29 /* SignUpViewController.swift in Sources */,
				4447723C2446488D00A1FF1A /* EditExpenseViewController.swift in Sources */,
				D1D14D8B2437D5F70091092E /* ExpenseAvatarCell.swift in Sources */,
				44697CD42433AA3600252764 /* AddFriendViewController.swift in Sources */,
				D167703D24355E9800D041DE /* TripDetailTableViewController.swift in Sources */,
				D1BB6119242E858300B90E29 /* TripsTableViewController.swift in Sources */,
				D11847BC243656C600E6949B /* Expense.swift in Sources */,
				D1E33DF52432A4890077D4C6 /* FriendCell.swift in Sources */,
				D1D01D04242EC54700B606C1 /* User.swift in Sources */,
				4447723A2445326B00A1FF1A /* CollectionViewDetailUsedByCell.swift in Sources */,
			);
			runOnlyForDeploymentPostprocessing = 0;
		};
/* End PBXSourcesBuildPhase section */

/* Begin PBXVariantGroup section */
		4446A376242E775400F22D90 /* LaunchScreen.storyboard */ = {
			isa = PBXVariantGroup;
			children = (
				4446A377242E775400F22D90 /* Base */,
			);
			name = LaunchScreen.storyboard;
			sourceTree = "<group>";
		};
/* End PBXVariantGroup section */

/* Begin XCBuildConfiguration section */
		4446A37A242E775400F22D90 /* Debug */ = {
			isa = XCBuildConfiguration;
			buildSettings = {
				ALWAYS_SEARCH_USER_PATHS = NO;
				CLANG_ANALYZER_NONNULL = YES;
				CLANG_ANALYZER_NUMBER_OBJECT_CONVERSION = YES_AGGRESSIVE;
				CLANG_CXX_LANGUAGE_STANDARD = "gnu++14";
				CLANG_CXX_LIBRARY = "libc++";
				CLANG_ENABLE_MODULES = YES;
				CLANG_ENABLE_OBJC_ARC = YES;
				CLANG_ENABLE_OBJC_WEAK = YES;
				CLANG_WARN_BLOCK_CAPTURE_AUTORELEASING = YES;
				CLANG_WARN_BOOL_CONVERSION = YES;
				CLANG_WARN_COMMA = YES;
				CLANG_WARN_CONSTANT_CONVERSION = YES;
				CLANG_WARN_DEPRECATED_OBJC_IMPLEMENTATIONS = YES;
				CLANG_WARN_DIRECT_OBJC_ISA_USAGE = YES_ERROR;
				CLANG_WARN_DOCUMENTATION_COMMENTS = YES;
				CLANG_WARN_EMPTY_BODY = YES;
				CLANG_WARN_ENUM_CONVERSION = YES;
				CLANG_WARN_INFINITE_RECURSION = YES;
				CLANG_WARN_INT_CONVERSION = YES;
				CLANG_WARN_NON_LITERAL_NULL_CONVERSION = YES;
				CLANG_WARN_OBJC_IMPLICIT_RETAIN_SELF = YES;
				CLANG_WARN_OBJC_LITERAL_CONVERSION = YES;
				CLANG_WARN_OBJC_ROOT_CLASS = YES_ERROR;
				CLANG_WARN_RANGE_LOOP_ANALYSIS = YES;
				CLANG_WARN_STRICT_PROTOTYPES = YES;
				CLANG_WARN_SUSPICIOUS_MOVE = YES;
				CLANG_WARN_UNGUARDED_AVAILABILITY = YES_AGGRESSIVE;
				CLANG_WARN_UNREACHABLE_CODE = YES;
				CLANG_WARN__DUPLICATE_METHOD_MATCH = YES;
				COPY_PHASE_STRIP = NO;
				DEBUG_INFORMATION_FORMAT = dwarf;
				ENABLE_STRICT_OBJC_MSGSEND = YES;
				ENABLE_TESTABILITY = YES;
				GCC_C_LANGUAGE_STANDARD = gnu11;
				GCC_DYNAMIC_NO_PIC = NO;
				GCC_NO_COMMON_BLOCKS = YES;
				GCC_OPTIMIZATION_LEVEL = 0;
				GCC_PREPROCESSOR_DEFINITIONS = (
					"DEBUG=1",
					"$(inherited)",
				);
				GCC_WARN_64_TO_32_BIT_CONVERSION = YES;
				GCC_WARN_ABOUT_RETURN_TYPE = YES_ERROR;
				GCC_WARN_UNDECLARED_SELECTOR = YES;
				GCC_WARN_UNINITIALIZED_AUTOS = YES_AGGRESSIVE;
				GCC_WARN_UNUSED_FUNCTION = YES;
				GCC_WARN_UNUSED_VARIABLE = YES;
				IPHONEOS_DEPLOYMENT_TARGET = 13.2;
				MTL_ENABLE_DEBUG_INFO = INCLUDE_SOURCE;
				MTL_FAST_MATH = YES;
				ONLY_ACTIVE_ARCH = YES;
				SDKROOT = iphoneos;
				SWIFT_ACTIVE_COMPILATION_CONDITIONS = DEBUG;
				SWIFT_OPTIMIZATION_LEVEL = "-Onone";
			};
			name = Debug;
		};
		4446A37B242E775400F22D90 /* Release */ = {
			isa = XCBuildConfiguration;
			buildSettings = {
				ALWAYS_SEARCH_USER_PATHS = NO;
				CLANG_ANALYZER_NONNULL = YES;
				CLANG_ANALYZER_NUMBER_OBJECT_CONVERSION = YES_AGGRESSIVE;
				CLANG_CXX_LANGUAGE_STANDARD = "gnu++14";
				CLANG_CXX_LIBRARY = "libc++";
				CLANG_ENABLE_MODULES = YES;
				CLANG_ENABLE_OBJC_ARC = YES;
				CLANG_ENABLE_OBJC_WEAK = YES;
				CLANG_WARN_BLOCK_CAPTURE_AUTORELEASING = YES;
				CLANG_WARN_BOOL_CONVERSION = YES;
				CLANG_WARN_COMMA = YES;
				CLANG_WARN_CONSTANT_CONVERSION = YES;
				CLANG_WARN_DEPRECATED_OBJC_IMPLEMENTATIONS = YES;
				CLANG_WARN_DIRECT_OBJC_ISA_USAGE = YES_ERROR;
				CLANG_WARN_DOCUMENTATION_COMMENTS = YES;
				CLANG_WARN_EMPTY_BODY = YES;
				CLANG_WARN_ENUM_CONVERSION = YES;
				CLANG_WARN_INFINITE_RECURSION = YES;
				CLANG_WARN_INT_CONVERSION = YES;
				CLANG_WARN_NON_LITERAL_NULL_CONVERSION = YES;
				CLANG_WARN_OBJC_IMPLICIT_RETAIN_SELF = YES;
				CLANG_WARN_OBJC_LITERAL_CONVERSION = YES;
				CLANG_WARN_OBJC_ROOT_CLASS = YES_ERROR;
				CLANG_WARN_RANGE_LOOP_ANALYSIS = YES;
				CLANG_WARN_STRICT_PROTOTYPES = YES;
				CLANG_WARN_SUSPICIOUS_MOVE = YES;
				CLANG_WARN_UNGUARDED_AVAILABILITY = YES_AGGRESSIVE;
				CLANG_WARN_UNREACHABLE_CODE = YES;
				CLANG_WARN__DUPLICATE_METHOD_MATCH = YES;
				COPY_PHASE_STRIP = NO;
				DEBUG_INFORMATION_FORMAT = "dwarf-with-dsym";
				ENABLE_NS_ASSERTIONS = NO;
				ENABLE_STRICT_OBJC_MSGSEND = YES;
				GCC_C_LANGUAGE_STANDARD = gnu11;
				GCC_NO_COMMON_BLOCKS = YES;
				GCC_WARN_64_TO_32_BIT_CONVERSION = YES;
				GCC_WARN_ABOUT_RETURN_TYPE = YES_ERROR;
				GCC_WARN_UNDECLARED_SELECTOR = YES;
				GCC_WARN_UNINITIALIZED_AUTOS = YES_AGGRESSIVE;
				GCC_WARN_UNUSED_FUNCTION = YES;
				GCC_WARN_UNUSED_VARIABLE = YES;
				IPHONEOS_DEPLOYMENT_TARGET = 13.2;
				MTL_ENABLE_DEBUG_INFO = NO;
				MTL_FAST_MATH = YES;
				SDKROOT = iphoneos;
				SWIFT_COMPILATION_MODE = wholemodule;
				SWIFT_OPTIMIZATION_LEVEL = "-O";
				VALIDATE_PRODUCT = YES;
			};
			name = Release;
		};
		4446A37D242E775400F22D90 /* Debug */ = {
			isa = XCBuildConfiguration;
			baseConfigurationReference = 77F57F70D23EE51C97C50C70 /* Pods-CCCTripSpiltr.debug.xcconfig */;
			buildSettings = {
				ASSETCATALOG_COMPILER_APPICON_NAME = AppIcon;
				CODE_SIGN_STYLE = Automatic;
				DEVELOPMENT_TEAM = MRFGYP27L5;
				INFOPLIST_FILE = CCCTripSpiltr/Info.plist;
				LD_RUNPATH_SEARCH_PATHS = (
					"$(inherited)",
					"@executable_path/Frameworks",
				);
				PRODUCT_BUNDLE_IDENTIFIER = com.extremeconch.CCCTripSpiltr;
				PRODUCT_NAME = "$(TARGET_NAME)";
				SWIFT_VERSION = 5.0;
				TARGETED_DEVICE_FAMILY = "1,2";
			};
			name = Debug;
		};
		4446A37E242E775400F22D90 /* Release */ = {
			isa = XCBuildConfiguration;
			baseConfigurationReference = 211F170669F28666354D42AC /* Pods-CCCTripSpiltr.release.xcconfig */;
			buildSettings = {
				ASSETCATALOG_COMPILER_APPICON_NAME = AppIcon;
				CODE_SIGN_STYLE = Automatic;
				DEVELOPMENT_TEAM = MRFGYP27L5;
				INFOPLIST_FILE = CCCTripSpiltr/Info.plist;
				LD_RUNPATH_SEARCH_PATHS = (
					"$(inherited)",
					"@executable_path/Frameworks",
				);
				PRODUCT_BUNDLE_IDENTIFIER = com.extremeconch.CCCTripSpiltr;
				PRODUCT_NAME = "$(TARGET_NAME)";
				SWIFT_VERSION = 5.0;
				TARGETED_DEVICE_FAMILY = "1,2";
			};
			name = Release;
		};
/* End XCBuildConfiguration section */

/* Begin XCConfigurationList section */
		4446A363242E775100F22D90 /* Build configuration list for PBXProject "CCCTripSpiltr" */ = {
			isa = XCConfigurationList;
			buildConfigurations = (
				4446A37A242E775400F22D90 /* Debug */,
				4446A37B242E775400F22D90 /* Release */,
			);
			defaultConfigurationIsVisible = 0;
			defaultConfigurationName = Release;
		};
		4446A37C242E775400F22D90 /* Build configuration list for PBXNativeTarget "CCCTripSpiltr" */ = {
			isa = XCConfigurationList;
			buildConfigurations = (
				4446A37D242E775400F22D90 /* Debug */,
				4446A37E242E775400F22D90 /* Release */,
			);
			defaultConfigurationIsVisible = 0;
			defaultConfigurationName = Release;
		};
/* End XCConfigurationList section */
	};
	rootObject = 4446A360242E775100F22D90 /* Project object */;
}
